
Microsoft Visual Studio Solution File, Format Version 12.00
# Visual Studio 15
VisualStudioVersion = 15.0.26730.16
MinimumVisualStudioVersion = 10.0.40219.1
Project("{FAE04EC0-301F-11D3-BF4B-00C04F79EFBC}") = "Jacere.ConsoleCommand", "Jacere.ConsoleCommand\Jacere.ConsoleCommand.csproj", "{C88EDB49-6FBA-4BBC-BD62-CFFE8A273E2E}"
EndProject
Global
	GlobalSection(SolutionConfigurationPlatforms) = preSolution
		Debug|Any CPU = Debug|Any CPU
		Release|Any CPU = Release|Any CPU
	EndGlobalSection
	GlobalSection(ProjectConfigurationPlatforms) = postSolution
		{C88EDB49-6FBA-4BBC-BD62-CFFE8A273E2E}.Debug|Any CPU.ActiveCfg = Debug|Any CPU
		{C88EDB49-6FBA-4BBC-BD62-CFFE8A273E2E}.Debug|Any CPU.Build.0 = Debug|Any CPU
		{C88EDB49-6FBA-4BBC-BD62-CFFE8A273E2E}.Release|Any CPU.ActiveCfg = Release|Any CPU
		{C88EDB49-6FBA-4BBC-BD62-CFFE8A273E2E}.Release|Any CPU.Build.0 = Release|Any CPU
	EndGlobalSection
	GlobalSection(SolutionProperties) = preSolution
		HideSolutionNode = FALSE
	EndGlobalSection
	GlobalSection(ExtensibilityGlobals) = postSolution
		SolutionGuid = {A543DDFE-7596-4B56-8AA8-E6BB0E71D09C}
	EndGlobalSection
EndGlobal
